// !$*UTF8*$!
{
	archiveVersion = 1;
	classes = {
	};
	objectVersion = 55;
	objects = {

/* Begin PBXBuildFile section */
		B71C10D028CD5710004F3AFC /* MorseTalkApp.swift in Sources */ = {isa = PBXBuildFile; fileRef = B71C10CF28CD5710004F3AFC /* MorseTalkApp.swift */; };
		B71C10D228CD5710004F3AFC /* ContentView.swift in Sources */ = {isa = PBXBuildFile; fileRef = B71C10D128CD5710004F3AFC /* ContentView.swift */; };
		B71C10D428CD5712004F3AFC /* Assets.xcassets in Resources */ = {isa = PBXBuildFile; fileRef = B71C10D328CD5712004F3AFC /* Assets.xcassets */; };
		B71C10D728CD5712004F3AFC /* Preview Assets.xcassets in Resources */ = {isa = PBXBuildFile; fileRef = B71C10D628CD5712004F3AFC /* Preview Assets.xcassets */; };
		B71C10D928CD5712004F3AFC /* Persistence.swift in Sources */ = {isa = PBXBuildFile; fileRef = B71C10D828CD5712004F3AFC /* Persistence.swift */; };
		B71C10DC28CD5712004F3AFC /* MorseTalk.xcdatamodeld in Sources */ = {isa = PBXBuildFile; fileRef = B71C10DA28CD5712004F3AFC /* MorseTalk.xcdatamodeld */; };
		B71C10E328CD5E7F004F3AFC /* HomeView.swift in Sources */ = {isa = PBXBuildFile; fileRef = B71C10E228CD5E7F004F3AFC /* HomeView.swift */; };
		B71C10E528CD5EAC004F3AFC /* ButtonModeView.swift in Sources */ = {isa = PBXBuildFile; fileRef = B71C10E428CD5EAC004F3AFC /* ButtonModeView.swift */; };
		B71C10E728CD5F4B004F3AFC /* AppConstants.swift in Sources */ = {isa = PBXBuildFile; fileRef = B71C10E628CD5F4B004F3AFC /* AppConstants.swift */; };
		B71C10E928CD62AE004F3AFC /* CameraModeView.swift in Sources */ = {isa = PBXBuildFile; fileRef = B71C10E828CD62AE004F3AFC /* CameraModeView.swift */; };
/* End PBXBuildFile section */

/* Begin PBXFileReference section */
		B71C10CC28CD5710004F3AFC /* MorseTalk.app */ = {isa = PBXFileReference; explicitFileType = wrapper.application; includeInIndex = 0; path = MorseTalk.app; sourceTree = BUILT_PRODUCTS_DIR; };
		B71C10CF28CD5710004F3AFC /* MorseTalkApp.swift */ = {isa = PBXFileReference; lastKnownFileType = sourcecode.swift; path = MorseTalkApp.swift; sourceTree = "<group>"; };
		B71C10D128CD5710004F3AFC /* ContentView.swift */ = {isa = PBXFileReference; lastKnownFileType = sourcecode.swift; path = ContentView.swift; sourceTree = "<group>"; };
		B71C10D328CD5712004F3AFC /* Assets.xcassets */ = {isa = PBXFileReference; lastKnownFileType = folder.assetcatalog; path = Assets.xcassets; sourceTree = "<group>"; };
		B71C10D628CD5712004F3AFC /* Preview Assets.xcassets */ = {isa = PBXFileReference; lastKnownFileType = folder.assetcatalog; path = "Preview Assets.xcassets"; sourceTree = "<group>"; };
		B71C10D828CD5712004F3AFC /* Persistence.swift */ = {isa = PBXFileReference; lastKnownFileType = sourcecode.swift; path = Persistence.swift; sourceTree = "<group>"; };
		B71C10DB28CD5712004F3AFC /* MorseTalk.xcdatamodel */ = {isa = PBXFileReference; lastKnownFileType = wrapper.xcdatamodel; path = MorseTalk.xcdatamodel; sourceTree = "<group>"; };
		B71C10E228CD5E7F004F3AFC /* HomeView.swift */ = {isa = PBXFileReference; lastKnownFileType = sourcecode.swift; path = HomeView.swift; sourceTree = "<group>"; };
		B71C10E428CD5EAC004F3AFC /* ButtonModeView.swift */ = {isa = PBXFileReference; lastKnownFileType = sourcecode.swift; path = ButtonModeView.swift; sourceTree = "<group>"; };
		B71C10E628CD5F4B004F3AFC /* AppConstants.swift */ = {isa = PBXFileReference; lastKnownFileType = sourcecode.swift; path = AppConstants.swift; sourceTree = "<group>"; };
		B71C10E828CD62AE004F3AFC /* CameraModeView.swift */ = {isa = PBXFileReference; lastKnownFileType = sourcecode.swift; path = CameraModeView.swift; sourceTree = "<group>"; };
/* End PBXFileReference section */

/* Begin PBXFrameworksBuildPhase section */
		B71C10C928CD5710004F3AFC /* Frameworks */ = {
			isa = PBXFrameworksBuildPhase;
			buildActionMask = 2147483647;
			files = (
			);
			runOnlyForDeploymentPostprocessing = 0;
		};
/* End PBXFrameworksBuildPhase section */

/* Begin PBXGroup section */
		B71C10C328CD5710004F3AFC = {
			isa = PBXGroup;
			children = (
				B71C10CE28CD5710004F3AFC /* MorseTalk */,
				B71C10CD28CD5710004F3AFC /* Products */,
			);
			sourceTree = "<group>";
		};
		B71C10CD28CD5710004F3AFC /* Products */ = {
			isa = PBXGroup;
			children = (
				B71C10CC28CD5710004F3AFC /* MorseTalk.app */,
			);
			name = Products;
			sourceTree = "<group>";
		};
		B71C10CE28CD5710004F3AFC /* MorseTalk */ = {
			isa = PBXGroup;
			children = (
				B71C10CF28CD5710004F3AFC /* MorseTalkApp.swift */,
				B71C10D128CD5710004F3AFC /* ContentView.swift */,
				B71C10E628CD5F4B004F3AFC /* AppConstants.swift */,
				B71C10E228CD5E7F004F3AFC /* HomeView.swift */,
				B71C10E428CD5EAC004F3AFC /* ButtonModeView.swift */,
				B71C10E828CD62AE004F3AFC /* CameraModeView.swift */,
				B71C10D328CD5712004F3AFC /* Assets.xcassets */,
				B71C10D828CD5712004F3AFC /* Persistence.swift */,
				B71C10DA28CD5712004F3AFC /* MorseTalk.xcdatamodeld */,
				B71C10D528CD5712004F3AFC /* Preview Content */,
			);
			path = MorseTalk;
			sourceTree = "<group>";
		};
		B71C10D528CD5712004F3AFC /* Preview Content */ = {
			isa = PBXGroup;
			children = (
				B71C10D628CD5712004F3AFC /* Preview Assets.xcassets */,
			);
			path = "Preview Content";
			sourceTree = "<group>";
		};
/* End PBXGroup section */

/* Begin PBXNativeTarget section */
		B71C10CB28CD5710004F3AFC /* MorseTalk */ = {
			isa = PBXNativeTarget;
			buildConfigurationList = B71C10DF28CD5712004F3AFC /* Build configuration list for PBXNativeTarget "MorseTalk" */;
			buildPhases = (
				B71C10C828CD5710004F3AFC /* Sources */,
				B71C10C928CD5710004F3AFC /* Frameworks */,
				B71C10CA28CD5710004F3AFC /* Resources */,
			);
			buildRules = (
			);
			dependencies = (
			);
			name = MorseTalk;
			productName = MorseTalk;
			productReference = B71C10CC28CD5710004F3AFC /* MorseTalk.app */;
			productType = "com.apple.product-type.application";
		};
/* End PBXNativeTarget section */

/* Begin PBXProject section */
		B71C10C428CD5710004F3AFC /* Project object */ = {
			isa = PBXProject;
			attributes = {
				BuildIndependentTargetsInParallel = 1;
				LastSwiftUpdateCheck = 1400;
				LastUpgradeCheck = 1400;
				TargetAttributes = {
					B71C10CB28CD5710004F3AFC = {
						CreatedOnToolsVersion = 14.0;
					};
				};
			};
			buildConfigurationList = B71C10C728CD5710004F3AFC /* Build configuration list for PBXProject "MorseTalk" */;
			compatibilityVersion = "Xcode 13.0";
			developmentRegion = en;
			hasScannedForEncodings = 0;
			knownRegions = (
				en,
				Base,
			);
			mainGroup = B71C10C328CD5710004F3AFC;
			productRefGroup = B71C10CD28CD5710004F3AFC /* Products */;
			projectDirPath = "";
			projectRoot = "";
			targets = (
				B71C10CB28CD5710004F3AFC /* MorseTalk */,
			);
		};
/* End PBXProject section */

/* Begin PBXResourcesBuildPhase section */
		B71C10CA28CD5710004F3AFC /* Resources */ = {
			isa = PBXResourcesBuildPhase;
			buildActionMask = 2147483647;
			files = (
				B71C10D728CD5712004F3AFC /* Preview Assets.xcassets in Resources */,
				B71C10D428CD5712004F3AFC /* Assets.xcassets in Resources */,
			);
			runOnlyForDeploymentPostprocessing = 0;
		};
/* End PBXResourcesBuildPhase section */

/* Begin PBXSourcesBuildPhase section */
		B71C10C828CD5710004F3AFC /* Sources */ = {
			isa = PBXSourcesBuildPhase;
			buildActionMask = 2147483647;
			files = (
				B71C10E928CD62AE004F3AFC /* CameraModeView.swift in Sources */,
				B71C10DC28CD5712004F3AFC /* MorseTalk.xcdatamodeld in Sources */,
				B71C10E528CD5EAC004F3AFC /* ButtonModeView.swift in Sources */,
				B71C10D928CD5712004F3AFC /* Persistence.swift in Sources */,
				B71C10D228CD5710004F3AFC /* ContentView.swift in Sources */,
				B71C10E728CD5F4B004F3AFC /* AppConstants.swift in Sources */,
				B71C10E328CD5E7F004F3AFC /* HomeView.swift in Sources */,
				B71C10D028CD5710004F3AFC /* MorseTalkApp.swift in Sources */,
			);
			runOnlyForDeploymentPostprocessing = 0;
		};
/* End PBXSourcesBuildPhase section */

/* Begin XCBuildConfiguration section */
		B71C10DD28CD5712004F3AFC /* Debug */ = {
			isa = XCBuildConfiguration;
			buildSettings = {
				ALWAYS_SEARCH_USER_PATHS = NO;
				CLANG_ANALYZER_NONNULL = YES;
				CLANG_ANALYZER_NUMBER_OBJECT_CONVERSION = YES_AGGRESSIVE;
				CLANG_CXX_LANGUAGE_STANDARD = "gnu++20";
				CLANG_ENABLE_MODULES = YES;
				CLANG_ENABLE_OBJC_ARC = YES;
				CLANG_ENABLE_OBJC_WEAK = YES;
				CLANG_WARN_BLOCK_CAPTURE_AUTORELEASING = YES;
				CLANG_WARN_BOOL_CONVERSION = YES;
				CLANG_WARN_COMMA = YES;
				CLANG_WARN_CONSTANT_CONVERSION = YES;
				CLANG_WARN_DEPRECATED_OBJC_IMPLEMENTATIONS = YES;
				CLANG_WARN_DIRECT_OBJC_ISA_USAGE = YES_ERROR;
				CLANG_WARN_DOCUMENTATION_COMMENTS = YES;
				CLANG_WARN_EMPTY_BODY = YES;
				CLANG_WARN_ENUM_CONVERSION = YES;
				CLANG_WARN_INFINITE_RECURSION = YES;
				CLANG_WARN_INT_CONVERSION = YES;
				CLANG_WARN_NON_LITERAL_NULL_CONVERSION = YES;
				CLANG_WARN_OBJC_IMPLICIT_RETAIN_SELF = YES;
				CLANG_WARN_OBJC_LITERAL_CONVERSION = YES;
				CLANG_WARN_OBJC_ROOT_CLASS = YES_ERROR;
				CLANG_WARN_QUOTED_INCLUDE_IN_FRAMEWORK_HEADER = YES;
				CLANG_WARN_RANGE_LOOP_ANALYSIS = YES;
				CLANG_WARN_STRICT_PROTOTYPES = YES;
				CLANG_WARN_SUSPICIOUS_MOVE = YES;
				CLANG_WARN_UNGUARDED_AVAILABILITY = YES_AGGRESSIVE;
				CLANG_WARN_UNREACHABLE_CODE = YES;
				CLANG_WARN__DUPLICATE_METHOD_MATCH = YES;
				COPY_PHASE_STRIP = NO;
				DEBUG_INFORMATION_FORMAT = dwarf;
				ENABLE_STRICT_OBJC_MSGSEND = YES;
				ENABLE_TESTABILITY = YES;
				GCC_C_LANGUAGE_STANDARD = gnu11;
				GCC_DYNAMIC_NO_PIC = NO;
				GCC_NO_COMMON_BLOCKS = YES;
				GCC_OPTIMIZATION_LEVEL = 0;
				GCC_PREPROCESSOR_DEFINITIONS = (
					"DEBUG=1",
					"$(inherited)",
				);
				GCC_WARN_64_TO_32_BIT_CONVERSION = YES;
				GCC_WARN_ABOUT_RETURN_TYPE = YES_ERROR;
				GCC_WARN_UNDECLARED_SELECTOR = YES;
				GCC_WARN_UNINITIALIZED_AUTOS = YES_AGGRESSIVE;
				GCC_WARN_UNUSED_FUNCTION = YES;
				GCC_WARN_UNUSED_VARIABLE = YES;
				IPHONEOS_DEPLOYMENT_TARGET = 16.0;
				MTL_ENABLE_DEBUG_INFO = INCLUDE_SOURCE;
				MTL_FAST_MATH = YES;
				ONLY_ACTIVE_ARCH = YES;
				SDKROOT = iphoneos;
				SWIFT_ACTIVE_COMPILATION_CONDITIONS = DEBUG;
				SWIFT_OPTIMIZATION_LEVEL = "-Onone";
			};
			name = Debug;
		};
		B71C10DE28CD5712004F3AFC /* Release */ = {
			isa = XCBuildConfiguration;
			buildSettings = {
				ALWAYS_SEARCH_USER_PATHS = NO;
				CLANG_ANALYZER_NONNULL = YES;
				CLANG_ANALYZER_NUMBER_OBJECT_CONVERSION = YES_AGGRESSIVE;
				CLANG_CXX_LANGUAGE_STANDARD = "gnu++20";
				CLANG_ENABLE_MODULES = YES;
				CLANG_ENABLE_OBJC_ARC = YES;
				CLANG_ENABLE_OBJC_WEAK = YES;
				CLANG_WARN_BLOCK_CAPTURE_AUTORELEASING = YES;
				CLANG_WARN_BOOL_CONVERSION = YES;
				CLANG_WARN_COMMA = YES;
				CLANG_WARN_CONSTANT_CONVERSION = YES;
				CLANG_WARN_DEPRECATED_OBJC_IMPLEMENTATIONS = YES;
				CLANG_WARN_DIRECT_OBJC_ISA_USAGE = YES_ERROR;
				CLANG_WARN_DOCUMENTATION_COMMENTS = YES;
				CLANG_WARN_EMPTY_BODY = YES;
				CLANG_WARN_ENUM_CONVERSION = YES;
				CLANG_WARN_INFINITE_RECURSION = YES;
				CLANG_WARN_INT_CONVERSION = YES;
				CLANG_WARN_NON_LITERAL_NULL_CONVERSION = YES;
				CLANG_WARN_OBJC_IMPLICIT_RETAIN_SELF = YES;
				CLANG_WARN_OBJC_LITERAL_CONVERSION = YES;
				CLANG_WARN_OBJC_ROOT_CLASS = YES_ERROR;
				CLANG_WARN_QUOTED_INCLUDE_IN_FRAMEWORK_HEADER = YES;
				CLANG_WARN_RANGE_LOOP_ANALYSIS = YES;
				CLANG_WARN_STRICT_PROTOTYPES = YES;
				CLANG_WARN_SUSPICIOUS_MOVE = YES;
				CLANG_WARN_UNGUARDED_AVAILABILITY = YES_AGGRESSIVE;
				CLANG_WARN_UNREACHABLE_CODE = YES;
				CLANG_WARN__DUPLICATE_METHOD_MATCH = YES;
				COPY_PHASE_STRIP = NO;
				DEBUG_INFORMATION_FORMAT = "dwarf-with-dsym";
				ENABLE_NS_ASSERTIONS = NO;
				ENABLE_STRICT_OBJC_MSGSEND = YES;
				GCC_C_LANGUAGE_STANDARD = gnu11;
				GCC_NO_COMMON_BLOCKS = YES;
				GCC_WARN_64_TO_32_BIT_CONVERSION = YES;
				GCC_WARN_ABOUT_RETURN_TYPE = YES_ERROR;
				GCC_WARN_UNDECLARED_SELECTOR = YES;
				GCC_WARN_UNINITIALIZED_AUTOS = YES_AGGRESSIVE;
				GCC_WARN_UNUSED_FUNCTION = YES;
				GCC_WARN_UNUSED_VARIABLE = YES;
				IPHONEOS_DEPLOYMENT_TARGET = 16.0;
				MTL_ENABLE_DEBUG_INFO = NO;
				MTL_FAST_MATH = YES;
				SDKROOT = iphoneos;
				SWIFT_COMPILATION_MODE = wholemodule;
				SWIFT_OPTIMIZATION_LEVEL = "-O";
				VALIDATE_PRODUCT = YES;
			};
			name = Release;
		};
		B71C10E028CD5712004F3AFC /* Debug */ = {
			isa = XCBuildConfiguration;
			buildSettings = {
				ASSETCATALOG_COMPILER_APPICON_NAME = AppIcon;
				ASSETCATALOG_COMPILER_GLOBAL_ACCENT_COLOR_NAME = AccentColor;
				CODE_SIGN_STYLE = Automatic;
				CURRENT_PROJECT_VERSION = 1;
				DEVELOPMENT_ASSET_PATHS = "\"MorseTalk/Preview Content\"";
				DEVELOPMENT_TEAM = NY797RX624;
				ENABLE_PREVIEWS = YES;
				GENERATE_INFOPLIST_FILE = YES;
				INFOPLIST_KEY_UIApplicationSceneManifest_Generation = YES;
				INFOPLIST_KEY_UIApplicationSupportsIndirectInputEvents = YES;
				INFOPLIST_KEY_UILaunchScreen_Generation = YES;
				INFOPLIST_KEY_UISupportedInterfaceOrientations_iPad = "UIInterfaceOrientationPortrait UIInterfaceOrientationPortraitUpsideDown UIInterfaceOrientationLandscapeLeft UIInterfaceOrientationLandscapeRight";
				INFOPLIST_KEY_UISupportedInterfaceOrientations_iPhone = "UIInterfaceOrientationPortrait UIInterfaceOrientationLandscapeLeft UIInterfaceOrientationLandscapeRight";
				IPHONEOS_DEPLOYMENT_TARGET = 15.0;
				LD_RUNPATH_SEARCH_PATHS = (
					"$(inherited)",
					"@executable_path/Frameworks",
				);
				MARKETING_VERSION = 1.0;
				PRODUCT_BUNDLE_IDENTIFIER = com.rahulon.MorseTalk;
				PRODUCT_NAME = "$(TARGET_NAME)";
				SWIFT_EMIT_LOC_STRINGS = YES;
				SWIFT_VERSION = 5.0;
				TARGETED_DEVICE_FAMILY = "1,2";
			};
			name = Debug;
		};
		B71C10E128CD5712004F3AFC /* Release */ = {
			isa = XCBuildConfiguration;
			buildSettings = {
				ASSETCATALOG_COMPILER_APPICON_NAME = AppIcon;
				ASSETCATALOG_COMPILER_GLOBAL_ACCENT_COLOR_NAME = AccentColor;
				CODE_SIGN_STYLE = Automatic;
				CURRENT_PROJECT_VERSION = 1;
				DEVELOPMENT_ASSET_PATHS = "\"MorseTalk/Preview Content\"";
				DEVELOPMENT_TEAM = NY797RX624;
				ENABLE_PREVIEWS = YES;
				GENERATE_INFOPLIST_FILE = YES;
				INFOPLIST_KEY_UIApplicationSceneManifest_Generation = YES;
				INFOPLIST_KEY_UIApplicationSupportsIndirectInputEvents = YES;
				INFOPLIST_KEY_UILaunchScreen_Generation = YES;
				INFOPLIST_KEY_UISupportedInterfaceOrientations_iPad = "UIInterfaceOrientationPortrait UIInterfaceOrientationPortraitUpsideDown UIInterfaceOrientationLandscapeLeft UIInterfaceOrientationLandscapeRight";
				INFOPLIST_KEY_UISupportedInterfaceOrientations_iPhone = "UIInterfaceOrientationPortrait UIInterfaceOrientationLandscapeLeft UIInterfaceOrientationLandscapeRight";
				IPHONEOS_DEPLOYMENT_TARGET = 15.0;
				LD_RUNPATH_SEARCH_PATHS = (
					"$(inherited)",
					"@executable_path/Frameworks",
				);
				MARKETING_VERSION = 1.0;
				PRODUCT_BUNDLE_IDENTIFIER = com.rahulon.MorseTalk;
				PRODUCT_NAME = "$(TARGET_NAME)";
				SWIFT_EMIT_LOC_STRINGS = YES;
				SWIFT_VERSION = 5.0;
				TARGETED_DEVICE_FAMILY = "1,2";
			};
			name = Release;
		};
/* End XCBuildConfiguration section */

/* Begin XCConfigurationList section */
		B71C10C728CD5710004F3AFC /* Build configuration list for PBXProject "MorseTalk" */ = {
			isa = XCConfigurationList;
			buildConfigurations = (
				B71C10DD28CD5712004F3AFC /* Debug */,
				B71C10DE28CD5712004F3AFC /* Release */,
			);
			defaultConfigurationIsVisible = 0;
			defaultConfigurationName = Release;
		};
		B71C10DF28CD5712004F3AFC /* Build configuration list for PBXNativeTarget "MorseTalk" */ = {
			isa = XCConfigurationList;
			buildConfigurations = (
				B71C10E028CD5712004F3AFC /* Debug */,
				B71C10E128CD5712004F3AFC /* Release */,
			);
			defaultConfigurationIsVisible = 0;
			defaultConfigurationName = Release;
		};
/* End XCConfigurationList section */

/* Begin XCVersionGroup section */
		B71C10DA28CD5712004F3AFC /* MorseTalk.xcdatamodeld */ = {
			isa = XCVersionGroup;
			children = (
				B71C10DB28CD5712004F3AFC /* MorseTalk.xcdatamodel */,
			);
			currentVersion = B71C10DB28CD5712004F3AFC /* MorseTalk.xcdatamodel */;
			path = MorseTalk.xcdatamodeld;
			sourceTree = "<group>";
			versionGroupType = wrapper.xcdatamodel;
		};
/* End XCVersionGroup section */
	};
	rootObject = B71C10C428CD5710004F3AFC /* Project object */;
}
